
Microsoft Visual Studio Solution File, Format Version 12.00
# Visual Studio Version 16
VisualStudioVersion = 16.0.31019.35
MinimumVisualStudioVersion = 10.0.40219.1
Project("{FAE04EC0-301F-11D3-BF4B-00C04F79EFBC}") = "Cafe", "Cafe\Cafe.csproj", "{3FC5E5F4-B2EA-4A99-89E8-A7D8124FAA89}"
EndProject
Global
	GlobalSection(SolutionConfigurationPlatforms) = preSolution
		Debug|Any CPU = Debug|Any CPU
		Release|Any CPU = Release|Any CPU
	EndGlobalSection
	GlobalSection(ProjectConfigurationPlatforms) = postSolution
		{3FC5E5F4-B2EA-4A99-89E8-A7D8124FAA89}.Debug|Any CPU.ActiveCfg = Debug|Any CPU
		{3FC5E5F4-B2EA-4A99-89E8-A7D8124FAA89}.Debug|Any CPU.Build.0 = Debug|Any CPU
		{3FC5E5F4-B2EA-4A99-89E8-A7D8124FAA89}.Release|Any CPU.ActiveCfg = Release|Any CPU
		{3FC5E5F4-B2EA-4A99-89E8-A7D8124FAA89}.Release|Any CPU.Build.0 = Release|Any CPU
	EndGlobalSection
	GlobalSection(SolutionProperties) = preSolution
		HideSolutionNode = FALSE
	EndGlobalSection
	GlobalSection(ExtensibilityGlobals) = postSolution
		SolutionGuid = {BFC41C8C-6476-4A39-80AF-68294BCD46DC}
	EndGlobalSection
EndGlobal
